{
    "version": 3,
    "terraform_version": "0.11.8",
    "serial": 2,
    "lineage": "960007b0-e836-1ba0-20eb-2bf9604d14dc",
    "modules": [
        {
            "path": [
                "root"
            ],
            "outputs": {},
            "resources": {},
            "depends_on": []
        },
        {
            "path": [
                "root",
                "igw-mod"
            ],
            "outputs": {
                "internet_gateway_ocid": {
                    "sensitive": false,
                    "type": "string",
                    "value": "ocid1.internetgateway.oc1.phx.aaaaaaaaeehyli5b723qcwh7223nrrrhphheuybf2gmu5dj7tomxenkfx3za"
                }
            },
            "resources": {},
            "depends_on": []
        },
        {
            "path": [
                "root",
                "vcn-mod"
            ],
            "outputs": {
                "vcn_ocid": {
                    "sensitive": false,
                    "type": "string",
                    "value": "ocid1.vcn.oc1.phx.aaaaaaaavwjvordd3nzlbmkzc5msphedhg6jrsygur5yctu2npuzsmzijhva"
                }
            },
            "resources": {},
            "depends_on": []
        },
        {
            "path": [
                "root",
                "igw-mod",
                "igw"
            ],
            "outputs": {
                "internet_gateway_ocid": {
                    "sensitive": false,
                    "type": "string",
                    "value": "ocid1.internetgateway.oc1.phx.aaaaaaaaeehyli5b723qcwh7223nrrrhphheuybf2gmu5dj7tomxenkfx3za"
                }
            },
            "resources": {
                "oci_core_internet_gateway.igw": {
                    "type": "oci_core_internet_gateway",
                    "depends_on": [],
                    "primary": {
                        "id": "ocid1.internetgateway.oc1.phx.aaaaaaaaeehyli5b723qcwh7223nrrrhphheuybf2gmu5dj7tomxenkfx3za",
                        "attributes": {
                            "compartment_id": "ocid1.compartment.oc1..aaaaaaaazwuxxggw6cxovozhwlyaeayxuezjlw6gwcqngzelfpcdmw6sltoq",
                            "defined_tags.%": "0",
                            "display_name": "test-igw",
                            "enabled": "true",
                            "freeform_tags.%": "1",
                            "freeform_tags.Owner": "Terraform",
                            "id": "ocid1.internetgateway.oc1.phx.aaaaaaaaeehyli5b723qcwh7223nrrrhphheuybf2gmu5dj7tomxenkfx3za",
                            "state": "AVAILABLE",
                            "time_created": "2019-03-07 07:11:11.795 +0000 UTC",
                            "vcn_id": "ocid1.vcn.oc1.phx.aaaaaaaavwjvordd3nzlbmkzc5msphedhg6jrsygur5yctu2npuzsmzijhva"
                        },
                        "meta": {
                            "e2bfb730-ecaa-11e6-8f88-34363bc7c4c0": {
                                "create": 900000000000,
                                "delete": 900000000000,
                                "update": 900000000000
                            }
                        },
                        "tainted": false
                    },
                    "deposed": [],
                    "provider": "provider.oci"
                }
            },
            "depends_on": []
        },
        {
            "path": [
                "root",
                "vcn-mod",
                "vcn"
            ],
            "outputs": {
                "default_dhcp_ocid": {
                    "sensitive": false,
                    "type": "string",
                    "value": "ocid1.dhcpoptions.oc1.phx.aaaaaaaaesqxgdueh5ivdsy5x5kgepgjrmhqrw3jqlus4fp4g3zshtoz24kq"
                },
                "vcn_ocid": {
                    "sensitive": false,
                    "type": "string",
                    "value": "ocid1.vcn.oc1.phx.aaaaaaaavwjvordd3nzlbmkzc5msphedhg6jrsygur5yctu2npuzsmzijhva"
                }
            },
            "resources": {
                "oci_core_virtual_network.vcn": {
                    "type": "oci_core_virtual_network",
                    "depends_on": [],
                    "primary": {
                        "id": "ocid1.vcn.oc1.phx.aaaaaaaavwjvordd3nzlbmkzc5msphedhg6jrsygur5yctu2npuzsmzijhva",
                        "attributes": {
                            "cidr_block": "10.0.0.0/16",
                            "compartment_id": "ocid1.compartment.oc1..aaaaaaaazwuxxggw6cxovozhwlyaeayxuezjlw6gwcqngzelfpcdmw6sltoq",
                            "default_dhcp_options_id": "ocid1.dhcpoptions.oc1.phx.aaaaaaaaesqxgdueh5ivdsy5x5kgepgjrmhqrw3jqlus4fp4g3zshtoz24kq",
                            "default_route_table_id": "ocid1.routetable.oc1.phx.aaaaaaaakmioopceruyeokgurwxh3443ra6shpetgwacdw7lw4nvkt3cehsa",
                            "default_security_list_id": "ocid1.securitylist.oc1.phx.aaaaaaaaxiiiaqpax2idvqn636thoijftaiz2hrak4habaqgpcyoxzraquoa",
                            "defined_tags.%": "0",
                            "display_name": "test-vcn",
                            "dns_label": "testvcn",
                            "freeform_tags.%": "1",
                            "freeform_tags.Owner": "Terraform",
                            "id": "ocid1.vcn.oc1.phx.aaaaaaaavwjvordd3nzlbmkzc5msphedhg6jrsygur5yctu2npuzsmzijhva",
                            "state": "AVAILABLE",
                            "time_created": "2019-03-07 07:11:03.995 +0000 UTC",
                            "vcn_domain_name": "testvcn.oraclevcn.com"
                        },
                        "meta": {
                            "e2bfb730-ecaa-11e6-8f88-34363bc7c4c0": {
                                "create": 900000000000,
                                "delete": 900000000000,
                                "update": 900000000000
                            }
                        },
                        "tainted": false
                    },
                    "deposed": [],
                    "provider": "provider.oci"
                }
            },
            "depends_on": []
        }
    ]
}
